
Microsoft Visual Studio Solution File, Format Version 12.00
# Visual Studio Version 17
VisualStudioVersion = 17.9.34616.47
MinimumVisualStudioVersion = 10.0.40219.1
Project("{9A19103F-16F7-4668-BE54-9A1E7A4F7556}") = "WebPushServer", "WebPushServer\WebPushServer.csproj", "{B08A3AB8-4533-4C5C-BD7C-D07327934C92}"
EndProject
Project("{9A19103F-16F7-4668-BE54-9A1E7A4F7556}") = "WebAppPushClient", "WebAppPushClient\WebAppPushClient.csproj", "{D2123BE1-0475-4BA8-AB27-1CE1E0FA770F}"
EndProject
Project("{9A19103F-16F7-4668-BE54-9A1E7A4F7556}") = "AndroidAppClient", "AndroidAppClient\AndroidAppClient.csproj", "{2188921C-306E-4ADF-8041-2B8B279D7C46}"
EndProject
Project("{9A19103F-16F7-4668-BE54-9A1E7A4F7556}") = "WebClient", "WebClient\WebClient.csproj", "{EB495339-C7C4-494D-8DFA-0476CA6FE287}"
EndProject
Project("{9A19103F-16F7-4668-BE54-9A1E7A4F7556}") = "iOSAppClient", "iOSAppClient\iOSAppClient.csproj", "{31D8786D-A9AD-479D-891B-B576626DECA3}"
EndProject
Project("{FAE04EC0-301F-11D3-BF4B-00C04F79EFBC}") = "PushMobile.Android", "PushMobile\PushMobile.Android\PushMobile.Android.csproj", "{62BCCACC-4D91-4317-8702-5297EA1FA5BF}"
EndProject
Project("{FAE04EC0-301F-11D3-BF4B-00C04F79EFBC}") = "PushMobile.iOS", "PushMobile\PushMobile.iOS\PushMobile.iOS.csproj", "{DBDD91B7-C645-4E3F-8D5A-61EDDA660BEC}"
EndProject
Project("{FAE04EC0-301F-11D3-BF4B-00C04F79EFBC}") = "PushMobile", "PushMobile\PushMobile\PushMobile.csproj", "{441AB6C7-6E69-4168-9A4B-C8A9E3CBC904}"
EndProject
Global
	GlobalSection(SolutionConfigurationPlatforms) = preSolution
		Debug|Any CPU = Debug|Any CPU
		Debug|iPhone = Debug|iPhone
		Debug|iPhoneSimulator = Debug|iPhoneSimulator
		Release|Any CPU = Release|Any CPU
		Release|iPhone = Release|iPhone
		Release|iPhoneSimulator = Release|iPhoneSimulator
	EndGlobalSection
	GlobalSection(ProjectConfigurationPlatforms) = postSolution
		{B08A3AB8-4533-4C5C-BD7C-D07327934C92}.Debug|Any CPU.ActiveCfg = Debug|Any CPU
		{B08A3AB8-4533-4C5C-BD7C-D07327934C92}.Debug|Any CPU.Build.0 = Debug|Any CPU
		{B08A3AB8-4533-4C5C-BD7C-D07327934C92}.Debug|iPhone.ActiveCfg = Debug|Any CPU
		{B08A3AB8-4533-4C5C-BD7C-D07327934C92}.Debug|iPhone.Build.0 = Debug|Any CPU
		{B08A3AB8-4533-4C5C-BD7C-D07327934C92}.Debug|iPhoneSimulator.ActiveCfg = Debug|Any CPU
		{B08A3AB8-4533-4C5C-BD7C-D07327934C92}.Debug|iPhoneSimulator.Build.0 = Debug|Any CPU
		{B08A3AB8-4533-4C5C-BD7C-D07327934C92}.Release|Any CPU.ActiveCfg = Release|Any CPU
		{B08A3AB8-4533-4C5C-BD7C-D07327934C92}.Release|Any CPU.Build.0 = Release|Any CPU
		{B08A3AB8-4533-4C5C-BD7C-D07327934C92}.Release|iPhone.ActiveCfg = Release|Any CPU
		{B08A3AB8-4533-4C5C-BD7C-D07327934C92}.Release|iPhone.Build.0 = Release|Any CPU
		{B08A3AB8-4533-4C5C-BD7C-D07327934C92}.Release|iPhoneSimulator.ActiveCfg = Release|Any CPU
		{B08A3AB8-4533-4C5C-BD7C-D07327934C92}.Release|iPhoneSimulator.Build.0 = Release|Any CPU
		{D2123BE1-0475-4BA8-AB27-1CE1E0FA770F}.Debug|Any CPU.ActiveCfg = Debug|Any CPU
		{D2123BE1-0475-4BA8-AB27-1CE1E0FA770F}.Debug|Any CPU.Build.0 = Debug|Any CPU
		{D2123BE1-0475-4BA8-AB27-1CE1E0FA770F}.Debug|iPhone.ActiveCfg = Debug|Any CPU
		{D2123BE1-0475-4BA8-AB27-1CE1E0FA770F}.Debug|iPhoneSimulator.ActiveCfg = Debug|Any CPU
		{D2123BE1-0475-4BA8-AB27-1CE1E0FA770F}.Release|Any CPU.ActiveCfg = Release|Any CPU
		{D2123BE1-0475-4BA8-AB27-1CE1E0FA770F}.Release|Any CPU.Build.0 = Release|Any CPU
		{D2123BE1-0475-4BA8-AB27-1CE1E0FA770F}.Release|iPhone.ActiveCfg = Release|Any CPU
		{D2123BE1-0475-4BA8-AB27-1CE1E0FA770F}.Release|iPhoneSimulator.ActiveCfg = Release|Any CPU
		{2188921C-306E-4ADF-8041-2B8B279D7C46}.Debug|Any CPU.ActiveCfg = Debug|Any CPU
		{2188921C-306E-4ADF-8041-2B8B279D7C46}.Debug|Any CPU.Build.0 = Debug|Any CPU
		{2188921C-306E-4ADF-8041-2B8B279D7C46}.Debug|Any CPU.Deploy.0 = Debug|Any CPU
		{2188921C-306E-4ADF-8041-2B8B279D7C46}.Debug|iPhone.ActiveCfg = Debug|Any CPU
		{2188921C-306E-4ADF-8041-2B8B279D7C46}.Debug|iPhone.Build.0 = Debug|Any CPU
		{2188921C-306E-4ADF-8041-2B8B279D7C46}.Debug|iPhone.Deploy.0 = Debug|Any CPU
		{2188921C-306E-4ADF-8041-2B8B279D7C46}.Debug|iPhoneSimulator.ActiveCfg = Debug|Any CPU
		{2188921C-306E-4ADF-8041-2B8B279D7C46}.Debug|iPhoneSimulator.Build.0 = Debug|Any CPU
		{2188921C-306E-4ADF-8041-2B8B279D7C46}.Debug|iPhoneSimulator.Deploy.0 = Debug|Any CPU
		{2188921C-306E-4ADF-8041-2B8B279D7C46}.Release|Any CPU.ActiveCfg = Release|Any CPU
		{2188921C-306E-4ADF-8041-2B8B279D7C46}.Release|Any CPU.Build.0 = Release|Any CPU
		{2188921C-306E-4ADF-8041-2B8B279D7C46}.Release|Any CPU.Deploy.0 = Release|Any CPU
		{2188921C-306E-4ADF-8041-2B8B279D7C46}.Release|iPhone.ActiveCfg = Release|Any CPU
		{2188921C-306E-4ADF-8041-2B8B279D7C46}.Release|iPhone.Build.0 = Release|Any CPU
		{2188921C-306E-4ADF-8041-2B8B279D7C46}.Release|iPhone.Deploy.0 = Release|Any CPU
		{2188921C-306E-4ADF-8041-2B8B279D7C46}.Release|iPhoneSimulator.ActiveCfg = Release|Any CPU
		{2188921C-306E-4ADF-8041-2B8B279D7C46}.Release|iPhoneSimulator.Build.0 = Release|Any CPU
		{2188921C-306E-4ADF-8041-2B8B279D7C46}.Release|iPhoneSimulator.Deploy.0 = Release|Any CPU
		{EB495339-C7C4-494D-8DFA-0476CA6FE287}.Debug|Any CPU.ActiveCfg = Debug|Any CPU
		{EB495339-C7C4-494D-8DFA-0476CA6FE287}.Debug|Any CPU.Build.0 = Debug|Any CPU
		{EB495339-C7C4-494D-8DFA-0476CA6FE287}.Debug|iPhone.ActiveCfg = Debug|Any CPU
		{EB495339-C7C4-494D-8DFA-0476CA6FE287}.Debug|iPhone.Build.0 = Debug|Any CPU
		{EB495339-C7C4-494D-8DFA-0476CA6FE287}.Debug|iPhoneSimulator.ActiveCfg = Debug|Any CPU
		{EB495339-C7C4-494D-8DFA-0476CA6FE287}.Debug|iPhoneSimulator.Build.0 = Debug|Any CPU
		{EB495339-C7C4-494D-8DFA-0476CA6FE287}.Release|Any CPU.ActiveCfg = Release|Any CPU
		{EB495339-C7C4-494D-8DFA-0476CA6FE287}.Release|Any CPU.Build.0 = Release|Any CPU
		{EB495339-C7C4-494D-8DFA-0476CA6FE287}.Release|iPhone.ActiveCfg = Release|Any CPU
		{EB495339-C7C4-494D-8DFA-0476CA6FE287}.Release|iPhone.Build.0 = Release|Any CPU
		{EB495339-C7C4-494D-8DFA-0476CA6FE287}.Release|iPhoneSimulator.ActiveCfg = Release|Any CPU
		{EB495339-C7C4-494D-8DFA-0476CA6FE287}.Release|iPhoneSimulator.Build.0 = Release|Any CPU
		{31D8786D-A9AD-479D-891B-B576626DECA3}.Debug|Any CPU.ActiveCfg = Debug|Any CPU
		{31D8786D-A9AD-479D-891B-B576626DECA3}.Debug|Any CPU.Build.0 = Debug|Any CPU
		{31D8786D-A9AD-479D-891B-B576626DECA3}.Debug|Any CPU.Deploy.0 = Debug|Any CPU
		{31D8786D-A9AD-479D-891B-B576626DECA3}.Debug|iPhone.ActiveCfg = Debug|Any CPU
		{31D8786D-A9AD-479D-891B-B576626DECA3}.Debug|iPhone.Build.0 = Debug|Any CPU
		{31D8786D-A9AD-479D-891B-B576626DECA3}.Debug|iPhone.Deploy.0 = Debug|Any CPU
		{31D8786D-A9AD-479D-891B-B576626DECA3}.Debug|iPhoneSimulator.ActiveCfg = Debug|Any CPU
		{31D8786D-A9AD-479D-891B-B576626DECA3}.Debug|iPhoneSimulator.Build.0 = Debug|Any CPU
		{31D8786D-A9AD-479D-891B-B576626DECA3}.Debug|iPhoneSimulator.Deploy.0 = Debug|Any CPU
		{31D8786D-A9AD-479D-891B-B576626DECA3}.Release|Any CPU.ActiveCfg = Release|Any CPU
		{31D8786D-A9AD-479D-891B-B576626DECA3}.Release|Any CPU.Build.0 = Release|Any CPU
		{31D8786D-A9AD-479D-891B-B576626DECA3}.Release|Any CPU.Deploy.0 = Release|Any CPU
		{31D8786D-A9AD-479D-891B-B576626DECA3}.Release|iPhone.ActiveCfg = Release|Any CPU
		{31D8786D-A9AD-479D-891B-B576626DECA3}.Release|iPhone.Build.0 = Release|Any CPU
		{31D8786D-A9AD-479D-891B-B576626DECA3}.Release|iPhone.Deploy.0 = Release|Any CPU
		{31D8786D-A9AD-479D-891B-B576626DECA3}.Release|iPhoneSimulator.ActiveCfg = Release|Any CPU
		{31D8786D-A9AD-479D-891B-B576626DECA3}.Release|iPhoneSimulator.Build.0 = Release|Any CPU
		{31D8786D-A9AD-479D-891B-B576626DECA3}.Release|iPhoneSimulator.Deploy.0 = Release|Any CPU
		{62BCCACC-4D91-4317-8702-5297EA1FA5BF}.Debug|Any CPU.ActiveCfg = Debug|Any CPU
		{62BCCACC-4D91-4317-8702-5297EA1FA5BF}.Debug|Any CPU.Build.0 = Debug|Any CPU
		{62BCCACC-4D91-4317-8702-5297EA1FA5BF}.Debug|Any CPU.Deploy.0 = Debug|Any CPU
		{62BCCACC-4D91-4317-8702-5297EA1FA5BF}.Debug|iPhone.ActiveCfg = Debug|Any CPU
		{62BCCACC-4D91-4317-8702-5297EA1FA5BF}.Debug|iPhone.Build.0 = Debug|Any CPU
		{62BCCACC-4D91-4317-8702-5297EA1FA5BF}.Debug|iPhone.Deploy.0 = Debug|Any CPU
		{62BCCACC-4D91-4317-8702-5297EA1FA5BF}.Debug|iPhoneSimulator.ActiveCfg = Debug|Any CPU
		{62BCCACC-4D91-4317-8702-5297EA1FA5BF}.Debug|iPhoneSimulator.Build.0 = Debug|Any CPU
		{62BCCACC-4D91-4317-8702-5297EA1FA5BF}.Debug|iPhoneSimulator.Deploy.0 = Debug|Any CPU
		{62BCCACC-4D91-4317-8702-5297EA1FA5BF}.Release|Any CPU.ActiveCfg = Release|Any CPU
		{62BCCACC-4D91-4317-8702-5297EA1FA5BF}.Release|Any CPU.Build.0 = Release|Any CPU
		{62BCCACC-4D91-4317-8702-5297EA1FA5BF}.Release|Any CPU.Deploy.0 = Release|Any CPU
		{62BCCACC-4D91-4317-8702-5297EA1FA5BF}.Release|iPhone.ActiveCfg = Release|Any CPU
		{62BCCACC-4D91-4317-8702-5297EA1FA5BF}.Release|iPhone.Build.0 = Release|Any CPU
		{62BCCACC-4D91-4317-8702-5297EA1FA5BF}.Release|iPhone.Deploy.0 = Release|Any CPU
		{62BCCACC-4D91-4317-8702-5297EA1FA5BF}.Release|iPhoneSimulator.ActiveCfg = Release|Any CPU
		{62BCCACC-4D91-4317-8702-5297EA1FA5BF}.Release|iPhoneSimulator.Build.0 = Release|Any CPU
		{62BCCACC-4D91-4317-8702-5297EA1FA5BF}.Release|iPhoneSimulator.Deploy.0 = Release|Any CPU
		{DBDD91B7-C645-4E3F-8D5A-61EDDA660BEC}.Debug|Any CPU.ActiveCfg = Debug|iPhoneSimulator
		{DBDD91B7-C645-4E3F-8D5A-61EDDA660BEC}.Debug|Any CPU.Build.0 = Debug|iPhoneSimulator
		{DBDD91B7-C645-4E3F-8D5A-61EDDA660BEC}.Debug|iPhone.ActiveCfg = Debug|iPhone
		{DBDD91B7-C645-4E3F-8D5A-61EDDA660BEC}.Debug|iPhone.Build.0 = Debug|iPhone
		{DBDD91B7-C645-4E3F-8D5A-61EDDA660BEC}.Debug|iPhoneSimulator.ActiveCfg = Debug|iPhoneSimulator
		{DBDD91B7-C645-4E3F-8D5A-61EDDA660BEC}.Debug|iPhoneSimulator.Build.0 = Debug|iPhoneSimulator
		{DBDD91B7-C645-4E3F-8D5A-61EDDA660BEC}.Release|Any CPU.ActiveCfg = Release|iPhoneSimulator
		{DBDD91B7-C645-4E3F-8D5A-61EDDA660BEC}.Release|Any CPU.Build.0 = Release|iPhoneSimulator
		{DBDD91B7-C645-4E3F-8D5A-61EDDA660BEC}.Release|iPhone.ActiveCfg = Release|iPhone
		{DBDD91B7-C645-4E3F-8D5A-61EDDA660BEC}.Release|iPhone.Build.0 = Release|iPhone
		{DBDD91B7-C645-4E3F-8D5A-61EDDA660BEC}.Release|iPhoneSimulator.ActiveCfg = Release|iPhoneSimulator
		{DBDD91B7-C645-4E3F-8D5A-61EDDA660BEC}.Release|iPhoneSimulator.Build.0 = Release|iPhoneSimulator
		{441AB6C7-6E69-4168-9A4B-C8A9E3CBC904}.Debug|Any CPU.ActiveCfg = Debug|Any CPU
		{441AB6C7-6E69-4168-9A4B-C8A9E3CBC904}.Debug|Any CPU.Build.0 = Debug|Any CPU
		{441AB6C7-6E69-4168-9A4B-C8A9E3CBC904}.Debug|iPhone.ActiveCfg = Debug|Any CPU
		{441AB6C7-6E69-4168-9A4B-C8A9E3CBC904}.Debug|iPhone.Build.0 = Debug|Any CPU
		{441AB6C7-6E69-4168-9A4B-C8A9E3CBC904}.Debug|iPhoneSimulator.ActiveCfg = Debug|Any CPU
		{441AB6C7-6E69-4168-9A4B-C8A9E3CBC904}.Debug|iPhoneSimulator.Build.0 = Debug|Any CPU
		{441AB6C7-6E69-4168-9A4B-C8A9E3CBC904}.Release|Any CPU.ActiveCfg = Release|Any CPU
		{441AB6C7-6E69-4168-9A4B-C8A9E3CBC904}.Release|Any CPU.Build.0 = Release|Any CPU
		{441AB6C7-6E69-4168-9A4B-C8A9E3CBC904}.Release|iPhone.ActiveCfg = Release|Any CPU
		{441AB6C7-6E69-4168-9A4B-C8A9E3CBC904}.Release|iPhone.Build.0 = Release|Any CPU
		{441AB6C7-6E69-4168-9A4B-C8A9E3CBC904}.Release|iPhoneSimulator.ActiveCfg = Release|Any CPU
		{441AB6C7-6E69-4168-9A4B-C8A9E3CBC904}.Release|iPhoneSimulator.Build.0 = Release|Any CPU
	EndGlobalSection
	GlobalSection(SolutionProperties) = preSolution
		HideSolutionNode = FALSE
	EndGlobalSection
	GlobalSection(ExtensibilityGlobals) = postSolution
		SolutionGuid = {E6127054-30C6-4822-8CE9-D550CEE430BA}
	EndGlobalSection
EndGlobal
